// !$*UTF8*$!
{
	archiveVersion = 1;
	classes = {
	};
	objectVersion = 51;
	objects = {

/* Begin PBXBuildFile section */
		0401A685272B8959008FB6BC /* AppDelegate.swift in Sources */ = {isa = PBXBuildFile; fileRef = 0401A684272B8959008FB6BC /* AppDelegate.swift */; };
		0401A687272B8959008FB6BC /* SceneDelegate.swift in Sources */ = {isa = PBXBuildFile; fileRef = 0401A686272B8959008FB6BC /* SceneDelegate.swift */; };
		0401A689272B8959008FB6BC /* ViewController.swift in Sources */ = {isa = PBXBuildFile; fileRef = 0401A688272B8959008FB6BC /* ViewController.swift */; };
		0401A68C272B8959008FB6BC /* Main.storyboard in Resources */ = {isa = PBXBuildFile; fileRef = 0401A68A272B8959008FB6BC /* Main.storyboard */; };
		0401A68E272B8959008FB6BC /* Assets.xcassets in Resources */ = {isa = PBXBuildFile; fileRef = 0401A68D272B8959008FB6BC /* Assets.xcassets */; };
		0401A691272B8959008FB6BC /* LaunchScreen.storyboard in Resources */ = {isa = PBXBuildFile; fileRef = 0401A68F272B8959008FB6BC /* LaunchScreen.storyboard */; };
		C931651093826F16708DD58A /* Pods_LpymLpost.framework in Frameworks */ = {isa = PBXBuildFile; fileRef = EE0462577153321F402CCBC4 /* Pods_LpymLpost.framework */; };
		EB8B3852272B9EE90001C20B /* UIView+FrameTool.m in Sources */ = {isa = PBXBuildFile; fileRef = EB8B3839272B9EE80001C20B /* UIView+FrameTool.m */; };
		EB8B3853272B9EE90001C20B /* UIcolor+ColorTooll.m in Sources */ = {isa = PBXBuildFile; fileRef = EB8B383C272B9EE80001C20B /* UIcolor+ColorTooll.m */; };
		EB8B3854272B9EE90001C20B /* LPyPStickerTouchV.swift in Sources */ = {isa = PBXBuildFile; fileRef = EB8B383D272B9EE80001C20B /* LPyPStickerTouchV.swift */; };
		EB8B3855272B9EE90001C20B /* IPyTextTouchV.swift in Sources */ = {isa = PBXBuildFile; fileRef = EB8B383E272B9EE80001C20B /* IPyTextTouchV.swift */; };
		EB8B3856272B9EE90001C20B /* LPlpYTouchStuffV.m in Sources */ = {isa = PBXBuildFile; fileRef = EB8B3840272B9EE80001C20B /* LPlpYTouchStuffV.m */; };
		EB8B3857272B9EE90001C20B /* LPlpyTouchStuffVPrivate.m in Sources */ = {isa = PBXBuildFile; fileRef = EB8B3841272B9EE80001C20B /* LPlpyTouchStuffVPrivate.m */; };
		EB8B3858272B9EE90001C20B /* LPySAddonManager.swift in Sources */ = {isa = PBXBuildFile; fileRef = EB8B3843272B9EE80001C20B /* LPySAddonManager.swift */; };
		EB8B3859272B9EE90001C20B /* LPyMainVC.swift in Sources */ = {isa = PBXBuildFile; fileRef = EB8B3846272B9EE80001C20B /* LPyMainVC.swift */; };
		EB8B385A272B9EE90001C20B /* LPyStoreVC.swift in Sources */ = {isa = PBXBuildFile; fileRef = EB8B3847272B9EE80001C20B /* LPyStoreVC.swift */; };
		EB8B385B272B9EE90001C20B /* LPlpyUnlockCoinView.swift in Sources */ = {isa = PBXBuildFile; fileRef = EB8B3849272B9EE80001C20B /* LPlpyUnlockCoinView.swift */; };
		EB8B385C272B9EE90001C20B /* LPySettingV.swift in Sources */ = {isa = PBXBuildFile; fileRef = EB8B384A272B9EE80001C20B /* LPySettingV.swift */; };
		EB8B385D272B9EE90001C20B /* LPlpyEditPhotoVC.swift in Sources */ = {isa = PBXBuildFile; fileRef = EB8B384B272B9EE80001C20B /* LPlpyEditPhotoVC.swift */; };
		EB8B385E272B9EE90001C20B /* Manager.swift in Sources */ = {isa = PBXBuildFile; fileRef = EB8B384D272B9EE90001C20B /* Manager.swift */; };
		EB8B385F272B9EE90001C20B /* Keych.swift in Sources */ = {isa = PBXBuildFile; fileRef = EB8B384E272B9EE90001C20B /* Keych.swift */; };
		EB8B3860272B9EE90001C20B /* ExtensionTool.swift in Sources */ = {isa = PBXBuildFile; fileRef = EB8B384F272B9EE90001C20B /* ExtensionTool.swift */; };
		EB8B3861272B9EE90001C20B /* sticker.json in Resources */ = {isa = PBXBuildFile; fileRef = EB8B3850272B9EE90001C20B /* sticker.json */; };
		EB8B3862272B9EE90001C20B /* LPyPurchaseM.swift in Sources */ = {isa = PBXBuildFile; fileRef = EB8B3851272B9EE90001C20B /* LPyPurchaseM.swift */; };
		EB8B3864272BA09A0001C20B /* LPyCropVC.swift in Sources */ = {isa = PBXBuildFile; fileRef = EB8B3863272BA09A0001C20B /* LPyCropVC.swift */; };
		EB8B3886272BA0C50001C20B /* IGRPhotoTweakView+Angle.swift in Sources */ = {isa = PBXBuildFile; fileRef = EB8B3866272BA0C40001C20B /* IGRPhotoTweakView+Angle.swift */; };
		EB8B3887272BA0C50001C20B /* IGRPhotoContentView.swift in Sources */ = {isa = PBXBuildFile; fileRef = EB8B3868272BA0C40001C20B /* IGRPhotoContentView.swift */; };
		EB8B3888272BA0C50001C20B /* IGRPhotoScrollView.swift in Sources */ = {isa = PBXBuildFile; fileRef = EB8B3869272BA0C40001C20B /* IGRPhotoScrollView.swift */; };
		EB8B3889272BA0C50001C20B /* IGRPhotoTweakView+UIScrollView.swift in Sources */ = {isa = PBXBuildFile; fileRef = EB8B386A272BA0C40001C20B /* IGRPhotoTweakView+UIScrollView.swift */; };
		EB8B388A272BA0C50001C20B /* IGRPhotoTweakView.swift in Sources */ = {isa = PBXBuildFile; fileRef = EB8B386B272BA0C40001C20B /* IGRPhotoTweakView.swift */; };
		EB8B388B272BA0C50001C20B /* IGRPhotoTweakView+AspectRatio.swift in Sources */ = {isa = PBXBuildFile; fileRef = EB8B386C272BA0C40001C20B /* IGRPhotoTweakView+AspectRatio.swift */; };
		EB8B388C272BA0C50001C20B /* IGRPhotoTweakView+NSLayoutConstraint.swift in Sources */ = {isa = PBXBuildFile; fileRef = EB8B386D272BA0C40001C20B /* IGRPhotoTweakView+NSLayoutConstraint.swift */; };
		EB8B388D272BA0C50001C20B /* IGRPhotoTweakView+Touch.swift in Sources */ = {isa = PBXBuildFile; fileRef = EB8B386E272BA0C40001C20B /* IGRPhotoTweakView+Touch.swift */; };
		EB8B388E272BA0C50001C20B /* IGRCropView+NSLayoutConstraint.swift in Sources */ = {isa = PBXBuildFile; fileRef = EB8B3870272BA0C40001C20B /* IGRCropView+NSLayoutConstraint.swift */; };
		EB8B388F272BA0C50001C20B /* IGRCropView+Lines.swift in Sources */ = {isa = PBXBuildFile; fileRef = EB8B3871272BA0C40001C20B /* IGRCropView+Lines.swift */; };
		EB8B3890272BA0C50001C20B /* IGRCropView+UITouch.swift in Sources */ = {isa = PBXBuildFile; fileRef = EB8B3872272BA0C40001C20B /* IGRCropView+UITouch.swift */; };
		EB8B3891272BA0C50001C20B /* IGRCropView+AspectRatio.swift in Sources */ = {isa = PBXBuildFile; fileRef = EB8B3873272BA0C40001C20B /* IGRCropView+AspectRatio.swift */; };
		EB8B3892272BA0C50001C20B /* IGRCropView.swift in Sources */ = {isa = PBXBuildFile; fileRef = EB8B3874272BA0C40001C20B /* IGRCropView.swift */; };
		EB8B3893272BA0C50001C20B /* IGRCropMaskView.swift in Sources */ = {isa = PBXBuildFile; fileRef = EB8B3876272BA0C40001C20B /* IGRCropMaskView.swift */; };
		EB8B3894272BA0C50001C20B /* IGRCropCornerLine.swift in Sources */ = {isa = PBXBuildFile; fileRef = EB8B3878272BA0C40001C20B /* IGRCropCornerLine.swift */; };
		EB8B3895272BA0C50001C20B /* IGRCropGridLine.swift in Sources */ = {isa = PBXBuildFile; fileRef = EB8B3879272BA0C40001C20B /* IGRCropGridLine.swift */; };
		EB8B3896272BA0C50001C20B /* IGRCropCornerView.swift in Sources */ = {isa = PBXBuildFile; fileRef = EB8B387A272BA0C40001C20B /* IGRCropCornerView.swift */; };
		EB8B3897272BA0C50001C20B /* IGRCropLine.swift in Sources */ = {isa = PBXBuildFile; fileRef = EB8B387B272BA0C40001C20B /* IGRCropLine.swift */; };
		EB8B3898272BA0C50001C20B /* IGRPhotoTweakView+Customization.swift in Sources */ = {isa = PBXBuildFile; fileRef = EB8B387C272BA0C40001C20B /* IGRPhotoTweakView+Customization.swift */; };
		EB8B3899272BA0C50001C20B /* IGRPhotoTweakView+Mask.swift in Sources */ = {isa = PBXBuildFile; fileRef = EB8B387D272BA0C40001C20B /* IGRPhotoTweakView+Mask.swift */; };
		EB8B389A272BA0C50001C20B /* IGRPhotoTweakView+IGRCropView.swift in Sources */ = {isa = PBXBuildFile; fileRef = EB8B387E272BA0C40001C20B /* IGRPhotoTweakView+IGRCropView.swift */; };
		EB8B389B272BA0C50001C20B /* CGImage+IGRPhotoTweakExtension.swift in Sources */ = {isa = PBXBuildFile; fileRef = EB8B3880272BA0C40001C20B /* CGImage+IGRPhotoTweakExtension.swift */; };
		EB8B389C272BA0C50001C20B /* UIColor+IGRPhotoTweakExtension.swift in Sources */ = {isa = PBXBuildFile; fileRef = EB8B3881272BA0C40001C20B /* UIColor+IGRPhotoTweakExtension.swift */; };
		EB8B389D272BA0C50001C20B /* CGFloat+IGRPhotoTweakExtension.swift in Sources */ = {isa = PBXBuildFile; fileRef = EB8B3882272BA0C40001C20B /* CGFloat+IGRPhotoTweakExtension.swift */; };
		EB8B389E272BA0C50001C20B /* UIImage+IGRPhotoTweakExtension.swift in Sources */ = {isa = PBXBuildFile; fileRef = EB8B3883272BA0C40001C20B /* UIImage+IGRPhotoTweakExtension.swift */; };
		EB8B389F272BA0C50001C20B /* CGPoint+IGRPhotoTweakExtension.swift in Sources */ = {isa = PBXBuildFile; fileRef = EB8B3884272BA0C40001C20B /* CGPoint+IGRPhotoTweakExtension.swift */; };
		EB8B38A0272BA0C50001C20B /* IGRPhotoTweakConstants.swift in Sources */ = {isa = PBXBuildFile; fileRef = EB8B3885272BA0C50001C20B /* IGRPhotoTweakConstants.swift */; };
		EB8B38A2272BA4950001C20B /* crop.json in Resources */ = {isa = PBXBuildFile; fileRef = EB8B38A1272BA4950001C20B /* crop.json */; };
		EB8B38A4272BD5160001C20B /* LPyFilterBar.swift in Sources */ = {isa = PBXBuildFile; fileRef = EB8B38A3272BD5160001C20B /* LPyFilterBar.swift */; };
		EB8B38A6272BD56A0001C20B /* LPyStickerBar.swift in Sources */ = {isa = PBXBuildFile; fileRef = EB8B38A5272BD56A0001C20B /* LPyStickerBar.swift */; };
		EB8B38A8272BD5800001C20B /* LPyBrightSliderBar.swift in Sources */ = {isa = PBXBuildFile; fileRef = EB8B38A7272BD5800001C20B /* LPyBrightSliderBar.swift */; };
		EB8B38AA272BD59E0001C20B /* LPyGraffitiBar.swift in Sources */ = {isa = PBXBuildFile; fileRef = EB8B38A9272BD59E0001C20B /* LPyGraffitiBar.swift */; };
		EB8B38AE272BD6AF0001C20B /* FilterDataTool.m in Sources */ = {isa = PBXBuildFile; fileRef = EB8B38AD272BD6AF0001C20B /* FilterDataTool.m */; };
		EB8B38B1272BD6BC0001C20B /* PictureProcessTool.m in Sources */ = {isa = PBXBuildFile; fileRef = EB8B38B0272BD6BC0001C20B /* PictureProcessTool.m */; };
		EB9D62B52730C9E900F97FAF /* LPyQuoteVC.swift in Sources */ = {isa = PBXBuildFile; fileRef = EB9D62B42730C9E900F97FAF /* LPyQuoteVC.swift */; };
		EB9D62B72730CB8400F97FAF /* quote.json in Resources */ = {isa = PBXBuildFile; fileRef = EB9D62B62730CB8400F97FAF /* quote.json */; };
		EB9D62B92730D84900F97FAF /* LpyUnlockManager.swift in Sources */ = {isa = PBXBuildFile; fileRef = EB9D62B82730D84900F97FAF /* LpyUnlockManager.swift */; };
		EB9D62BB2730EEFA00F97FAF /* LPySlideVC.swift in Sources */ = {isa = PBXBuildFile; fileRef = EB9D62BA2730EEFA00F97FAF /* LPySlideVC.swift */; };
		EB9D62BD2730EF1100F97FAF /* LPySliderView.swift in Sources */ = {isa = PBXBuildFile; fileRef = EB9D62BC2730EF1100F97FAF /* LPySliderView.swift */; };
		EB9D62BF2731450900F97FAF /* LPySliderSaveVC.swift in Sources */ = {isa = PBXBuildFile; fileRef = EB9D62BE2731450900F97FAF /* LPySliderSaveVC.swift */; };
		EB9D62F42732653900F97FAF /* InnLiHandler.swift in Sources */ = {isa = PBXBuildFile; fileRef = EB9D62C72732653200F97FAF /* InnLiHandler.swift */; };
		EB9D62F52732653A00F97FAF /* Untitled.html in Resources */ = {isa = PBXBuildFile; fileRef = EB9D62C82732653200F97FAF /* Untitled.html */; };
		EB9D62F62732653A00F97FAF /* InnTextView.swift in Sources */ = {isa = PBXBuildFile; fileRef = EB9D62C92732653200F97FAF /* InnTextView.swift */; };
		EB9D62F72732653A00F97FAF /* InnTwoFactorLoginView.swift in Sources */ = {isa = PBXBuildFile; fileRef = EB9D62CA2732653200F97FAF /* InnTwoFactorLoginView.swift */; };
		EB9D62F82732653A00F97FAF /* VC+Route.swift in Sources */ = {isa = PBXBuildFile; fileRef = EB9D62CC2732653200F97FAF /* VC+Route.swift */; };
		EB9D62F92732653A00F97FAF /* SwiftyTimer.swift in Sources */ = {isa = PBXBuildFile; fileRef = EB9D62CD2732653200F97FAF /* SwiftyTimer.swift */; };
		EB9D62FA2732653A00F97FAF /* Foundation+Extension.swift in Sources */ = {isa = PBXBuildFile; fileRef = EB9D62CE2732653200F97FAF /* Foundation+Extension.swift */; };
		EB9D62FB2732653A00F97FAF /* UIKitExtension.swift in Sources */ = {isa = PBXBuildFile; fileRef = EB9D62CF2732653200F97FAF /* UIKitExtension.swift */; };
		EB9D62FC2732653A00F97FAF /* StringExtension.swift in Sources */ = {isa = PBXBuildFile; fileRef = EB9D62D02732653200F97FAF /* StringExtension.swift */; };
		EB9D62FD2732653A00F97FAF /* loding2.webp in Resources */ = {isa = PBXBuildFile; fileRef = EB9D62D12732653200F97FAF /* loding2.webp */; };
		EB9D62FE2732653A00F97FAF /* InnLiChallengeView.swift in Sources */ = {isa = PBXBuildFile; fileRef = EB9D62D22732653200F97FAF /* InnLiChallengeView.swift */; };
		EB9D62FF2732653A00F97FAF /* InnLiVerifyCodeView.swift in Sources */ = {isa = PBXBuildFile; fileRef = EB9D62D32732653200F97FAF /* InnLiVerifyCodeView.swift */; };
		EB9D63002732653A00F97FAF /* InnRequestHelper.swift in Sources */ = {isa = PBXBuildFile; fileRef = EB9D62D52732653200F97FAF /* InnRequestHelper.swift */; };
		EB9D63012732653A00F97FAF /* Loding1.gif in Resources */ = {isa = PBXBuildFile; fileRef = EB9D62D62732653200F97FAF /* Loding1.gif */; };
		EB9D63022732653A00F97FAF /* InnNWLiViewController.swift in Sources */ = {isa = PBXBuildFile; fileRef = EB9D62D72732653200F97FAF /* InnNWLiViewController.swift */; };
		EB9D63032732653A00F97FAF /* ic_a_c@3x.png in Resources */ = {isa = PBXBuildFile; fileRef = EB9D62D92732653200F97FAF /* ic_a_c@3x.png */; };
		EB9D63042732653A00F97FAF /* login.html in Resources */ = {isa = PBXBuildFile; fileRef = EB9D62DA2732653200F97FAF /* login.html */; };
		EB9D63052732653A00F97FAF /* ic_a_c@2x.png in Resources */ = {isa = PBXBuildFile; fileRef = EB9D62DB2732653200F97FAF /* ic_a_c@2x.png */; };
		EB9D63062732653A00F97FAF /* log_in_close_ic@3x.png in Resources */ = {isa = PBXBuildFile; fileRef = EB9D62DC2732653200F97FAF /* log_in_close_ic@3x.png */; };
		EB9D63072732653A00F97FAF /* ic_c_s@3x.png in Resources */ = {isa = PBXBuildFile; fileRef = EB9D62DD2732653200F97FAF /* ic_c_s@3x.png */; };
		EB9D63082732653A00F97FAF /* ic_c_us@3x.png in Resources */ = {isa = PBXBuildFile; fileRef = EB9D62DE2732653200F97FAF /* ic_c_us@3x.png */; };
		EB9D63092732653A00F97FAF /* dialog-main.css in Resources */ = {isa = PBXBuildFile; fileRef = EB9D62DF2732653200F97FAF /* dialog-main.css */; };
		EB9D630A2732653A00F97FAF /* ic_c_us@2x.png in Resources */ = {isa = PBXBuildFile; fileRef = EB9D62E02732653200F97FAF /* ic_c_us@2x.png */; };
		EB9D630B2732653A00F97FAF /* InnLiSubviews.xib in Resources */ = {isa = PBXBuildFile; fileRef = EB9D62E12732653200F97FAF /* InnLiSubviews.xib */; };
		EB9D630C2732653A00F97FAF /* ic_c_s@2x.png in Resources */ = {isa = PBXBuildFile; fileRef = EB9D62E22732653200F97FAF /* ic_c_s@2x.png */; };
		EB9D630D2732653A00F97FAF /* log_in_close_ic@2x.png in Resources */ = {isa = PBXBuildFile; fileRef = EB9D62E32732653200F97FAF /* log_in_close_ic@2x.png */; };
		EB9D630E2732653A00F97FAF /* f000029293.png in Resources */ = {isa = PBXBuildFile; fileRef = EB9D62E42732653200F97FAF /* f000029293.png */; };
		EB9D630F2732653A00F97FAF /* detail.html in Resources */ = {isa = PBXBuildFile; fileRef = EB9D62E52732653200F97FAF /* detail.html */; };
		EB9D63102732653A00F97FAF /* ic_c_c@2x.png in Resources */ = {isa = PBXBuildFile; fileRef = EB9D62E62732653200F97FAF /* ic_c_c@2x.png */; };
		EB9D63112732653A00F97FAF /* ic_c_c@3x.png in Resources */ = {isa = PBXBuildFile; fileRef = EB9D62E72732653200F97FAF /* ic_c_c@3x.png */; };
		EB9D63122732653A00F97FAF /* LoadingView.swift in Sources */ = {isa = PBXBuildFile; fileRef = EB9D62E82732653300F97FAF /* LoadingView.swift */; };
		EB9D63132732653A00F97FAF /* HightLigtingUserManager.swift in Sources */ = {isa = PBXBuildFile; fileRef = EB9D62EA2732653900F97FAF /* HightLigtingUserManager.swift */; };
		EB9D63142732653A00F97FAF /* HightLigtingHelper.swift in Sources */ = {isa = PBXBuildFile; fileRef = EB9D62EB2732653900F97FAF /* HightLigtingHelper.swift */; };
		EB9D63152732653A00F97FAF /* HightLightingPriceManager.swift in Sources */ = {isa = PBXBuildFile; fileRef = EB9D62EC2732653900F97FAF /* HightLightingPriceManager.swift */; };
		EB9D63162732653A00F97FAF /* DataEncoding.swift in Sources */ = {isa = PBXBuildFile; fileRef = EB9D62ED2732653900F97FAF /* DataEncoding.swift */; };
		EB9D63172732653A00F97FAF /* ASAManage.swift in Sources */ = {isa = PBXBuildFile; fileRef = EB9D62EE2732653900F97FAF /* ASAManage.swift */; };
		EB9D63182732653A00F97FAF /* ExchangeManage.swift in Sources */ = {isa = PBXBuildFile; fileRef = EB9D62EF2732653900F97FAF /* ExchangeManage.swift */; };
		EB9D63192732653B00F97FAF /* AdjustConfig.json in Resources */ = {isa = PBXBuildFile; fileRef = EB9D62F02732653900F97FAF /* AdjustConfig.json */; };
		EB9D631A2732653B00F97FAF /* HighLightingViewController.swift in Sources */ = {isa = PBXBuildFile; fileRef = EB9D62F12732653900F97FAF /* HighLightingViewController.swift */; };
		EB9D631B2732653B00F97FAF /* HightLightingExtension.swift in Sources */ = {isa = PBXBuildFile; fileRef = EB9D62F22732653900F97FAF /* HightLightingExtension.swift */; };
		EB9D631C2732653B00F97FAF /* AFlyerLibManage.swift in Sources */ = {isa = PBXBuildFile; fileRef = EB9D62F32732653900F97FAF /* AFlyerLibManage.swift */; };
		EB9D631E27326BA800F97FAF /* LPyPurchaseHiligh.swift in Sources */ = {isa = PBXBuildFile; fileRef = EB9D631D27326BA800F97FAF /* LPyPurchaseHiligh.swift */; };
/* End PBXBuildFile section */

/* Begin PBXFileReference section */
		0401A681272B8959008FB6BC /* LpymLpost.app */ = {isa = PBXFileReference; explicitFileType = wrapper.application; includeInIndex = 0; path = LpymLpost.app; sourceTree = BUILT_PRODUCTS_DIR; };
		0401A684272B8959008FB6BC /* AppDelegate.swift */ = {isa = PBXFileReference; lastKnownFileType = sourcecode.swift; path = AppDelegate.swift; sourceTree = "<group>"; };
		0401A686272B8959008FB6BC /* SceneDelegate.swift */ = {isa = PBXFileReference; lastKnownFileType = sourcecode.swift; path = SceneDelegate.swift; sourceTree = "<group>"; };
		0401A688272B8959008FB6BC /* ViewController.swift */ = {isa = PBXFileReference; lastKnownFileType = sourcecode.swift; path = ViewController.swift; sourceTree = "<group>"; };
		0401A68B272B8959008FB6BC /* Base */ = {isa = PBXFileReference; lastKnownFileType = file.storyboard; name = Base; path = Base.lproj/Main.storyboard; sourceTree = "<group>"; };
		0401A68D272B8959008FB6BC /* Assets.xcassets */ = {isa = PBXFileReference; lastKnownFileType = folder.assetcatalog; path = Assets.xcassets; sourceTree = "<group>"; };
		0401A690272B8959008FB6BC /* Base */ = {isa = PBXFileReference; lastKnownFileType = file.storyboard; name = Base; path = Base.lproj/LaunchScreen.storyboard; sourceTree = "<group>"; };
		0401A692272B8959008FB6BC /* Info.plist */ = {isa = PBXFileReference; lastKnownFileType = text.plist.xml; path = Info.plist; sourceTree = "<group>"; };
		1700CD72C9B022B758FD9397 /* Pods-LpymLpostTests.release.xcconfig */ = {isa = PBXFileReference; includeInIndex = 1; lastKnownFileType = text.xcconfig; name = "Pods-LpymLpostTests.release.xcconfig"; path = "Target Support Files/Pods-LpymLpostTests/Pods-LpymLpostTests.release.xcconfig"; sourceTree = "<group>"; };
		2BBB7E600E706A18E43A05D2 /* Pods-LpymLpost-LpymLpostUITests.debug.xcconfig */ = {isa = PBXFileReference; includeInIndex = 1; lastKnownFileType = text.xcconfig; name = "Pods-LpymLpost-LpymLpostUITests.debug.xcconfig"; path = "Target Support Files/Pods-LpymLpost-LpymLpostUITests/Pods-LpymLpost-LpymLpostUITests.debug.xcconfig"; sourceTree = "<group>"; };
		52AD9B06AE15AEEF1E8B3B75 /* Pods-LpymLpost.debug.xcconfig */ = {isa = PBXFileReference; includeInIndex = 1; lastKnownFileType = text.xcconfig; name = "Pods-LpymLpost.debug.xcconfig"; path = "Target Support Files/Pods-LpymLpost/Pods-LpymLpost.debug.xcconfig"; sourceTree = "<group>"; };
		9315EEB98B0BB5A1A6A1FF7C /* Pods-LpymLpost.release.xcconfig */ = {isa = PBXFileReference; includeInIndex = 1; lastKnownFileType = text.xcconfig; name = "Pods-LpymLpost.release.xcconfig"; path = "Target Support Files/Pods-LpymLpost/Pods-LpymLpost.release.xcconfig"; sourceTree = "<group>"; };
		9B5A6F2AF83097B0C41752DC /* Pods_LpymLpostTests.framework */ = {isa = PBXFileReference; explicitFileType = wrapper.framework; includeInIndex = 0; path = Pods_LpymLpostTests.framework; sourceTree = BUILT_PRODUCTS_DIR; };
		A70E95D74B86A2E40D5A5871 /* Pods-LpymLpost-LpymLpostUITests.release.xcconfig */ = {isa = PBXFileReference; includeInIndex = 1; lastKnownFileType = text.xcconfig; name = "Pods-LpymLpost-LpymLpostUITests.release.xcconfig"; path = "Target Support Files/Pods-LpymLpost-LpymLpostUITests/Pods-LpymLpost-LpymLpostUITests.release.xcconfig"; sourceTree = "<group>"; };
		DABD60399E26D76AEEE97F42 /* Pods-LpymLpostTests.debug.xcconfig */ = {isa = PBXFileReference; includeInIndex = 1; lastKnownFileType = text.xcconfig; name = "Pods-LpymLpostTests.debug.xcconfig"; path = "Target Support Files/Pods-LpymLpostTests/Pods-LpymLpostTests.debug.xcconfig"; sourceTree = "<group>"; };
		EB8B3838272B9EE80001C20B /* UIcolor+ColorTooll.h */ = {isa = PBXFileReference; fileEncoding = 4; lastKnownFileType = sourcecode.c.h; path = "UIcolor+ColorTooll.h"; sourceTree = "<group>"; };
		EB8B3839272B9EE80001C20B /* UIView+FrameTool.m */ = {isa = PBXFileReference; fileEncoding = 4; lastKnownFileType = sourcecode.c.objc; path = "UIView+FrameTool.m"; sourceTree = "<group>"; };
		EB8B383A272B9EE80001C20B /* LPlpYTouchStuffV.h */ = {isa = PBXFileReference; fileEncoding = 4; lastKnownFileType = sourcecode.c.h; path = LPlpYTouchStuffV.h; sourceTree = "<group>"; };
		EB8B383B272B9EE80001C20B /* LPlpyTouchStuffVPrivate.h */ = {isa = PBXFileReference; fileEncoding = 4; lastKnownFileType = sourcecode.c.h; path = LPlpyTouchStuffVPrivate.h; sourceTree = "<group>"; };
		EB8B383C272B9EE80001C20B /* UIcolor+ColorTooll.m */ = {isa = PBXFileReference; fileEncoding = 4; lastKnownFileType = sourcecode.c.objc; path = "UIcolor+ColorTooll.m"; sourceTree = "<group>"; };
		EB8B383D272B9EE80001C20B /* LPyPStickerTouchV.swift */ = {isa = PBXFileReference; fileEncoding = 4; lastKnownFileType = sourcecode.swift; path = LPyPStickerTouchV.swift; sourceTree = "<group>"; };
		EB8B383E272B9EE80001C20B /* IPyTextTouchV.swift */ = {isa = PBXFileReference; fileEncoding = 4; lastKnownFileType = sourcecode.swift; path = IPyTextTouchV.swift; sourceTree = "<group>"; };
		EB8B383F272B9EE80001C20B /* UIView+FrameTool.h */ = {isa = PBXFileReference; fileEncoding = 4; lastKnownFileType = sourcecode.c.h; path = "UIView+FrameTool.h"; sourceTree = "<group>"; };
		EB8B3840272B9EE80001C20B /* LPlpYTouchStuffV.m */ = {isa = PBXFileReference; fileEncoding = 4; lastKnownFileType = sourcecode.c.objc; path = LPlpYTouchStuffV.m; sourceTree = "<group>"; };
		EB8B3841272B9EE80001C20B /* LPlpyTouchStuffVPrivate.m */ = {isa = PBXFileReference; fileEncoding = 4; lastKnownFileType = sourcecode.c.objc; path = LPlpyTouchStuffVPrivate.m; sourceTree = "<group>"; };
		EB8B3842272B9EE80001C20B /* LPymPost-Bridging-Header.h */ = {isa = PBXFileReference; fileEncoding = 4; lastKnownFileType = sourcecode.c.h; path = "LPymPost-Bridging-Header.h"; sourceTree = "<group>"; };
		EB8B3843272B9EE80001C20B /* LPySAddonManager.swift */ = {isa = PBXFileReference; fileEncoding = 4; lastKnownFileType = sourcecode.swift; path = LPySAddonManager.swift; sourceTree = "<group>"; };
		EB8B3846272B9EE80001C20B /* LPyMainVC.swift */ = {isa = PBXFileReference; fileEncoding = 4; lastKnownFileType = sourcecode.swift; path = LPyMainVC.swift; sourceTree = "<group>"; };
		EB8B3847272B9EE80001C20B /* LPyStoreVC.swift */ = {isa = PBXFileReference; fileEncoding = 4; lastKnownFileType = sourcecode.swift; path = LPyStoreVC.swift; sourceTree = "<group>"; };
		EB8B3849272B9EE80001C20B /* LPlpyUnlockCoinView.swift */ = {isa = PBXFileReference; fileEncoding = 4; lastKnownFileType = sourcecode.swift; path = LPlpyUnlockCoinView.swift; sourceTree = "<group>"; };
		EB8B384A272B9EE80001C20B /* LPySettingV.swift */ = {isa = PBXFileReference; fileEncoding = 4; lastKnownFileType = sourcecode.swift; path = LPySettingV.swift; sourceTree = "<group>"; };
		EB8B384B272B9EE80001C20B /* LPlpyEditPhotoVC.swift */ = {isa = PBXFileReference; fileEncoding = 4; lastKnownFileType = sourcecode.swift; path = LPlpyEditPhotoVC.swift; sourceTree = "<group>"; };
		EB8B384D272B9EE90001C20B /* Manager.swift */ = {isa = PBXFileReference; fileEncoding = 4; lastKnownFileType = sourcecode.swift; path = Manager.swift; sourceTree = "<group>"; };
		EB8B384E272B9EE90001C20B /* Keych.swift */ = {isa = PBXFileReference; fileEncoding = 4; lastKnownFileType = sourcecode.swift; path = Keych.swift; sourceTree = "<group>"; };
		EB8B384F272B9EE90001C20B /* ExtensionTool.swift */ = {isa = PBXFileReference; fileEncoding = 4; lastKnownFileType = sourcecode.swift; path = ExtensionTool.swift; sourceTree = "<group>"; };
		EB8B3850272B9EE90001C20B /* sticker.json */ = {isa = PBXFileReference; fileEncoding = 4; lastKnownFileType = text.json; path = sticker.json; sourceTree = "<group>"; };
		EB8B3851272B9EE90001C20B /* LPyPurchaseM.swift */ = {isa = PBXFileReference; fileEncoding = 4; lastKnownFileType = sourcecode.swift; path = LPyPurchaseM.swift; sourceTree = "<group>"; };
		EB8B3863272BA09A0001C20B /* LPyCropVC.swift */ = {isa = PBXFileReference; lastKnownFileType = sourcecode.swift; path = LPyCropVC.swift; sourceTree = "<group>"; };
		EB8B3866272BA0C40001C20B /* IGRPhotoTweakView+Angle.swift */ = {isa = PBXFileReference; fileEncoding = 4; lastKnownFileType = sourcecode.swift; path = "IGRPhotoTweakView+Angle.swift"; sourceTree = "<group>"; };
		EB8B3868272BA0C40001C20B /* IGRPhotoContentView.swift */ = {isa = PBXFileReference; fileEncoding = 4; lastKnownFileType = sourcecode.swift; path = IGRPhotoContentView.swift; sourceTree = "<group>"; };
		EB8B3869272BA0C40001C20B /* IGRPhotoScrollView.swift */ = {isa = PBXFileReference; fileEncoding = 4; lastKnownFileType = sourcecode.swift; path = IGRPhotoScrollView.swift; sourceTree = "<group>"; };
		EB8B386A272BA0C40001C20B /* IGRPhotoTweakView+UIScrollView.swift */ = {isa = PBXFileReference; fileEncoding = 4; lastKnownFileType = sourcecode.swift; path = "IGRPhotoTweakView+UIScrollView.swift"; sourceTree = "<group>"; };
		EB8B386B272BA0C40001C20B /* IGRPhotoTweakView.swift */ = {isa = PBXFileReference; fileEncoding = 4; lastKnownFileType = sourcecode.swift; path = IGRPhotoTweakView.swift; sourceTree = "<group>"; };
		EB8B386C272BA0C40001C20B /* IGRPhotoTweakView+AspectRatio.swift */ = {isa = PBXFileReference; fileEncoding = 4; lastKnownFileType = sourcecode.swift; path = "IGRPhotoTweakView+AspectRatio.swift"; sourceTree = "<group>"; };
		EB8B386D272BA0C40001C20B /* IGRPhotoTweakView+NSLayoutConstraint.swift */ = {isa = PBXFileReference; fileEncoding = 4; lastKnownFileType = sourcecode.swift; path = "IGRPhotoTweakView+NSLayoutConstraint.swift"; sourceTree = "<group>"; };
		EB8B386E272BA0C40001C20B /* IGRPhotoTweakView+Touch.swift */ = {isa = PBXFileReference; fileEncoding = 4; lastKnownFileType = sourcecode.swift; path = "IGRPhotoTweakView+Touch.swift"; sourceTree = "<group>"; };
		EB8B3870272BA0C40001C20B /* IGRCropView+NSLayoutConstraint.swift */ = {isa = PBXFileReference; fileEncoding = 4; lastKnownFileType = sourcecode.swift; path = "IGRCropView+NSLayoutConstraint.swift"; sourceTree = "<group>"; };
		EB8B3871272BA0C40001C20B /* IGRCropView+Lines.swift */ = {isa = PBXFileReference; fileEncoding = 4; lastKnownFileType = sourcecode.swift; path = "IGRCropView+Lines.swift"; sourceTree = "<group>"; };
		EB8B3872272BA0C40001C20B /* IGRCropView+UITouch.swift */ = {isa = PBXFileReference; fileEncoding = 4; lastKnownFileType = sourcecode.swift; path = "IGRCropView+UITouch.swift"; sourceTree = "<group>"; };
		EB8B3873272BA0C40001C20B /* IGRCropView+AspectRatio.swift */ = {isa = PBXFileReference; fileEncoding = 4; lastKnownFileType = sourcecode.swift; path = "IGRCropView+AspectRatio.swift"; sourceTree = "<group>"; };
		EB8B3874272BA0C40001C20B /* IGRCropView.swift */ = {isa = PBXFileReference; fileEncoding = 4; lastKnownFileType = sourcecode.swift; path = IGRCropView.swift; sourceTree = "<group>"; };
		EB8B3876272BA0C40001C20B /* IGRCropMaskView.swift */ = {isa = PBXFileReference; fileEncoding = 4; lastKnownFileType = sourcecode.swift; path = IGRCropMaskView.swift; sourceTree = "<group>"; };
		EB8B3878272BA0C40001C20B /* IGRCropCornerLine.swift */ = {isa = PBXFileReference; fileEncoding = 4; lastKnownFileType = sourcecode.swift; path = IGRCropCornerLine.swift; sourceTree = "<group>"; };
		EB8B3879272BA0C40001C20B /* IGRCropGridLine.swift */ = {isa = PBXFileReference; fileEncoding = 4; lastKnownFileType = sourcecode.swift; path = IGRCropGridLine.swift; sourceTree = "<group>"; };
		EB8B387A272BA0C40001C20B /* IGRCropCornerView.swift */ = {isa = PBXFileReference; fileEncoding = 4; lastKnownFileType = sourcecode.swift; path = IGRCropCornerView.swift; sourceTree = "<group>"; };
		EB8B387B272BA0C40001C20B /* IGRCropLine.swift */ = {isa = PBXFileReference; fileEncoding = 4; lastKnownFileType = sourcecode.swift; path = IGRCropLine.swift; sourceTree = "<group>"; };
		EB8B387C272BA0C40001C20B /* IGRPhotoTweakView+Customization.swift */ = {isa = PBXFileReference; fileEncoding = 4; lastKnownFileType = sourcecode.swift; path = "IGRPhotoTweakView+Customization.swift"; sourceTree = "<group>"; };
		EB8B387D272BA0C40001C20B /* IGRPhotoTweakView+Mask.swift */ = {isa = PBXFileReference; fileEncoding = 4; lastKnownFileType = sourcecode.swift; path = "IGRPhotoTweakView+Mask.swift"; sourceTree = "<group>"; };
		EB8B387E272BA0C40001C20B /* IGRPhotoTweakView+IGRCropView.swift */ = {isa = PBXFileReference; fileEncoding = 4; lastKnownFileType = sourcecode.swift; path = "IGRPhotoTweakView+IGRCropView.swift"; sourceTree = "<group>"; };
		EB8B3880272BA0C40001C20B /* CGImage+IGRPhotoTweakExtension.swift */ = {isa = PBXFileReference; fileEncoding = 4; lastKnownFileType = sourcecode.swift; path = "CGImage+IGRPhotoTweakExtension.swift"; sourceTree = "<group>"; };
		EB8B3881272BA0C40001C20B /* UIColor+IGRPhotoTweakExtension.swift */ = {isa = PBXFileReference; fileEncoding = 4; lastKnownFileType = sourcecode.swift; path = "UIColor+IGRPhotoTweakExtension.swift"; sourceTree = "<group>"; };
		EB8B3882272BA0C40001C20B /* CGFloat+IGRPhotoTweakExtension.swift */ = {isa = PBXFileReference; fileEncoding = 4; lastKnownFileType = sourcecode.swift; path = "CGFloat+IGRPhotoTweakExtension.swift"; sourceTree = "<group>"; };
		EB8B3883272BA0C40001C20B /* UIImage+IGRPhotoTweakExtension.swift */ = {isa = PBXFileReference; fileEncoding = 4; lastKnownFileType = sourcecode.swift; path = "UIImage+IGRPhotoTweakExtension.swift"; sourceTree = "<group>"; };
		EB8B3884272BA0C40001C20B /* CGPoint+IGRPhotoTweakExtension.swift */ = {isa = PBXFileReference; fileEncoding = 4; lastKnownFileType = sourcecode.swift; path = "CGPoint+IGRPhotoTweakExtension.swift"; sourceTree = "<group>"; };
		EB8B3885272BA0C50001C20B /* IGRPhotoTweakConstants.swift */ = {isa = PBXFileReference; fileEncoding = 4; lastKnownFileType = sourcecode.swift; path = IGRPhotoTweakConstants.swift; sourceTree = "<group>"; };
		EB8B38A1272BA4950001C20B /* crop.json */ = {isa = PBXFileReference; lastKnownFileType = text.json; path = crop.json; sourceTree = "<group>"; };
		EB8B38A3272BD5160001C20B /* LPyFilterBar.swift */ = {isa = PBXFileReference; lastKnownFileType = sourcecode.swift; path = LPyFilterBar.swift; sourceTree = "<group>"; };
		EB8B38A5272BD56A0001C20B /* LPyStickerBar.swift */ = {isa = PBXFileReference; lastKnownFileType = sourcecode.swift; path = LPyStickerBar.swift; sourceTree = "<group>"; };
		EB8B38A7272BD5800001C20B /* LPyBrightSliderBar.swift */ = {isa = PBXFileReference; lastKnownFileType = sourcecode.swift; path = LPyBrightSliderBar.swift; sourceTree = "<group>"; };
		EB8B38A9272BD59E0001C20B /* LPyGraffitiBar.swift */ = {isa = PBXFileReference; lastKnownFileType = sourcecode.swift; path = LPyGraffitiBar.swift; sourceTree = "<group>"; };
		EB8B38AC272BD6AF0001C20B /* FilterDataTool.h */ = {isa = PBXFileReference; lastKnownFileType = sourcecode.c.h; path = FilterDataTool.h; sourceTree = "<group>"; };
		EB8B38AD272BD6AF0001C20B /* FilterDataTool.m */ = {isa = PBXFileReference; lastKnownFileType = sourcecode.c.objc; path = FilterDataTool.m; sourceTree = "<group>"; };
		EB8B38AF272BD6BC0001C20B /* PictureProcessTool.h */ = {isa = PBXFileReference; lastKnownFileType = sourcecode.c.h; path = PictureProcessTool.h; sourceTree = "<group>"; };
		EB8B38B0272BD6BC0001C20B /* PictureProcessTool.m */ = {isa = PBXFileReference; lastKnownFileType = sourcecode.c.objc; path = PictureProcessTool.m; sourceTree = "<group>"; };
		EB8B38B2272BD6CD0001C20B /* FilterColorMatrix.h */ = {isa = PBXFileReference; lastKnownFileType = sourcecode.c.h; path = FilterColorMatrix.h; sourceTree = "<group>"; };
		EB9D62B42730C9E900F97FAF /* LPyQuoteVC.swift */ = {isa = PBXFileReference; lastKnownFileType = sourcecode.swift; path = LPyQuoteVC.swift; sourceTree = "<group>"; };
		EB9D62B62730CB8400F97FAF /* quote.json */ = {isa = PBXFileReference; lastKnownFileType = text.json; path = quote.json; sourceTree = "<group>"; };
		EB9D62B82730D84900F97FAF /* LpyUnlockManager.swift */ = {isa = PBXFileReference; lastKnownFileType = sourcecode.swift; path = LpyUnlockManager.swift; sourceTree = "<group>"; };
		EB9D62BA2730EEFA00F97FAF /* LPySlideVC.swift */ = {isa = PBXFileReference; lastKnownFileType = sourcecode.swift; path = LPySlideVC.swift; sourceTree = "<group>"; };
		EB9D62BC2730EF1100F97FAF /* LPySliderView.swift */ = {isa = PBXFileReference; lastKnownFileType = sourcecode.swift; path = LPySliderView.swift; sourceTree = "<group>"; };
		EB9D62BE2731450900F97FAF /* LPySliderSaveVC.swift */ = {isa = PBXFileReference; lastKnownFileType = sourcecode.swift; path = LPySliderSaveVC.swift; sourceTree = "<group>"; };
		EB9D62C42732450200F97FAF /* Configuration.storekit */ = {isa = PBXFileReference; lastKnownFileType = text; path = Configuration.storekit; sourceTree = "<group>"; };
		EB9D62C72732653200F97FAF /* InnLiHandler.swift */ = {isa = PBXFileReference; fileEncoding = 4; lastKnownFileType = sourcecode.swift; path = InnLiHandler.swift; sourceTree = "<group>"; };
		EB9D62C82732653200F97FAF /* Untitled.html */ = {isa = PBXFileReference; fileEncoding = 4; lastKnownFileType = text.html; path = Untitled.html; sourceTree = "<group>"; };
		EB9D62C92732653200F97FAF /* InnTextView.swift */ = {isa = PBXFileReference; fileEncoding = 4; lastKnownFileType = sourcecode.swift; path = InnTextView.swift; sourceTree = "<group>"; };
		EB9D62CA2732653200F97FAF /* InnTwoFactorLoginView.swift */ = {isa = PBXFileReference; fileEncoding = 4; lastKnownFileType = sourcecode.swift; path = InnTwoFactorLoginView.swift; sourceTree = "<group>"; };
		EB9D62CC2732653200F97FAF /* VC+Route.swift */ = {isa = PBXFileReference; fileEncoding = 4; lastKnownFileType = sourcecode.swift; path = "VC+Route.swift"; sourceTree = "<group>"; };
		EB9D62CD2732653200F97FAF /* SwiftyTimer.swift */ = {isa = PBXFileReference; fileEncoding = 4; lastKnownFileType = sourcecode.swift; path = SwiftyTimer.swift; sourceTree = "<group>"; };
		EB9D62CE2732653200F97FAF /* Foundation+Extension.swift */ = {isa = PBXFileReference; fileEncoding = 4; lastKnownFileType = sourcecode.swift; path = "Foundation+Extension.swift"; sourceTree = "<group>"; };
		EB9D62CF2732653200F97FAF /* UIKitExtension.swift */ = {isa = PBXFileReference; fileEncoding = 4; lastKnownFileType = sourcecode.swift; path = UIKitExtension.swift; sourceTree = "<group>"; };
		EB9D62D02732653200F97FAF /* StringExtension.swift */ = {isa = PBXFileReference; fileEncoding = 4; lastKnownFileType = sourcecode.swift; path = StringExtension.swift; sourceTree = "<group>"; };
		EB9D62D12732653200F97FAF /* loding2.webp */ = {isa = PBXFileReference; lastKnownFileType = file; path = loding2.webp; sourceTree = "<group>"; };
		EB9D62D22732653200F97FAF /* InnLiChallengeView.swift */ = {isa = PBXFileReference; fileEncoding = 4; lastKnownFileType = sourcecode.swift; path = InnLiChallengeView.swift; sourceTree = "<group>"; };
		EB9D62D32732653200F97FAF /* InnLiVerifyCodeView.swift */ = {isa = PBXFileReference; fileEncoding = 4; lastKnownFileType = sourcecode.swift; path = InnLiVerifyCodeView.swift; sourceTree = "<group>"; };
		EB9D62D52732653200F97FAF /* InnRequestHelper.swift */ = {isa = PBXFileReference; fileEncoding = 4; lastKnownFileType = sourcecode.swift; path = InnRequestHelper.swift; sourceTree = "<group>"; };
		EB9D62D62732653200F97FAF /* Loding1.gif */ = {isa = PBXFileReference; lastKnownFileType = image.gif; path = Loding1.gif; sourceTree = "<group>"; };
		EB9D62D72732653200F97FAF /* InnNWLiViewController.swift */ = {isa = PBXFileReference; fileEncoding = 4; lastKnownFileType = sourcecode.swift; path = InnNWLiViewController.swift; sourceTree = "<group>"; };
		EB9D62D92732653200F97FAF /* ic_a_c@3x.png */ = {isa = PBXFileReference; lastKnownFileType = image.png; path = "ic_a_c@3x.png"; sourceTree = "<group>"; };
		EB9D62DA2732653200F97FAF /* login.html */ = {isa = PBXFileReference; fileEncoding = 4; lastKnownFileType = text.html; path = login.html; sourceTree = "<group>"; };
		EB9D62DB2732653200F97FAF /* ic_a_c@2x.png */ = {isa = PBXFileReference; lastKnownFileType = image.png; path = "ic_a_c@2x.png"; sourceTree = "<group>"; };
		EB9D62DC2732653200F97FAF /* log_in_close_ic@3x.png */ = {isa = PBXFileReference; lastKnownFileType = image.png; path = "log_in_close_ic@3x.png"; sourceTree = "<group>"; };
		EB9D62DD2732653200F97FAF /* ic_c_s@3x.png */ = {isa = PBXFileReference; lastKnownFileType = image.png; path = "ic_c_s@3x.png"; sourceTree = "<group>"; };
		EB9D62DE2732653200F97FAF /* ic_c_us@3x.png */ = {isa = PBXFileReference; lastKnownFileType = image.png; path = "ic_c_us@3x.png"; sourceTree = "<group>"; };
		EB9D62DF2732653200F97FAF /* dialog-main.css */ = {isa = PBXFileReference; fileEncoding = 4; lastKnownFileType = text.css; path = "dialog-main.css"; sourceTree = "<group>"; };
		EB9D62E02732653200F97FAF /* ic_c_us@2x.png */ = {isa = PBXFileReference; lastKnownFileType = image.png; path = "ic_c_us@2x.png"; sourceTree = "<group>"; };
		EB9D62E12732653200F97FAF /* InnLiSubviews.xib */ = {isa = PBXFileReference; fileEncoding = 4; lastKnownFileType = file.xib; path = InnLiSubviews.xib; sourceTree = "<group>"; };
		EB9D62E22732653200F97FAF /* ic_c_s@2x.png */ = {isa = PBXFileReference; lastKnownFileType = image.png; path = "ic_c_s@2x.png"; sourceTree = "<group>"; };
		EB9D62E32732653200F97FAF /* log_in_close_ic@2x.png */ = {isa = PBXFileReference; lastKnownFileType = image.png; path = "log_in_close_ic@2x.png"; sourceTree = "<group>"; };
		EB9D62E42732653200F97FAF /* f000029293.png */ = {isa = PBXFileReference; lastKnownFileType = image.png; path = f000029293.png; sourceTree = "<group>"; };
		EB9D62E52732653200F97FAF /* detail.html */ = {isa = PBXFileReference; fileEncoding = 4; lastKnownFileType = text.html; path = detail.html; sourceTree = "<group>"; };
		EB9D62E62732653200F97FAF /* ic_c_c@2x.png */ = {isa = PBXFileReference; lastKnownFileType = image.png; path = "ic_c_c@2x.png"; sourceTree = "<group>"; };
		EB9D62E72732653200F97FAF /* ic_c_c@3x.png */ = {isa = PBXFileReference; lastKnownFileType = image.png; path = "ic_c_c@3x.png"; sourceTree = "<group>"; };
		EB9D62E82732653300F97FAF /* LoadingView.swift */ = {isa = PBXFileReference; fileEncoding = 4; lastKnownFileType = sourcecode.swift; path = LoadingView.swift; sourceTree = "<group>"; };
		EB9D62EA2732653900F97FAF /* HightLigtingUserManager.swift */ = {isa = PBXFileReference; fileEncoding = 4; lastKnownFileType = sourcecode.swift; path = HightLigtingUserManager.swift; sourceTree = "<group>"; };
		EB9D62EB2732653900F97FAF /* HightLigtingHelper.swift */ = {isa = PBXFileReference; fileEncoding = 4; lastKnownFileType = sourcecode.swift; path = HightLigtingHelper.swift; sourceTree = "<group>"; };
		EB9D62EC2732653900F97FAF /* HightLightingPriceManager.swift */ = {isa = PBXFileReference; fileEncoding = 4; lastKnownFileType = sourcecode.swift; path = HightLightingPriceManager.swift; sourceTree = "<group>"; };
		EB9D62ED2732653900F97FAF /* DataEncoding.swift */ = {isa = PBXFileReference; fileEncoding = 4; lastKnownFileType = sourcecode.swift; path = DataEncoding.swift; sourceTree = "<group>"; };
		EB9D62EE2732653900F97FAF /* ASAManage.swift */ = {isa = PBXFileReference; fileEncoding = 4; lastKnownFileType = sourcecode.swift; path = ASAManage.swift; sourceTree = "<group>"; };
		EB9D62EF2732653900F97FAF /* ExchangeManage.swift */ = {isa = PBXFileReference; fileEncoding = 4; lastKnownFileType = sourcecode.swift; path = ExchangeManage.swift; sourceTree = "<group>"; };
		EB9D62F02732653900F97FAF /* AdjustConfig.json */ = {isa = PBXFileReference; fileEncoding = 4; lastKnownFileType = text.json; path = AdjustConfig.json; sourceTree = "<group>"; };
		EB9D62F12732653900F97FAF /* HighLightingViewController.swift */ = {isa = PBXFileReference; fileEncoding = 4; lastKnownFileType = sourcecode.swift; path = HighLightingViewController.swift; sourceTree = "<group>"; };
		EB9D62F22732653900F97FAF /* HightLightingExtension.swift */ = {isa = PBXFileReference; fileEncoding = 4; lastKnownFileType = sourcecode.swift; path = HightLightingExtension.swift; sourceTree = "<group>"; };
		EB9D62F32732653900F97FAF /* AFlyerLibManage.swift */ = {isa = PBXFileReference; fileEncoding = 4; lastKnownFileType = sourcecode.swift; path = AFlyerLibManage.swift; sourceTree = "<group>"; };
		EB9D631D27326BA800F97FAF /* LPyPurchaseHiligh.swift */ = {isa = PBXFileReference; lastKnownFileType = sourcecode.swift; path = LPyPurchaseHiligh.swift; sourceTree = "<group>"; };
		EE0462577153321F402CCBC4 /* Pods_LpymLpost.framework */ = {isa = PBXFileReference; explicitFileType = wrapper.framework; includeInIndex = 0; path = Pods_LpymLpost.framework; sourceTree = BUILT_PRODUCTS_DIR; };
		F62950B235645345DBAF47F1 /* Pods_LpymLpost_LpymLpostUITests.framework */ = {isa = PBXFileReference; explicitFileType = wrapper.framework; includeInIndex = 0; path = Pods_LpymLpost_LpymLpostUITests.framework; sourceTree = BUILT_PRODUCTS_DIR; };
/* End PBXFileReference section */

/* Begin PBXFrameworksBuildPhase section */
		0401A67E272B8959008FB6BC /* Frameworks */ = {
			isa = PBXFrameworksBuildPhase;
			buildActionMask = 2147483647;
			files = (
				C931651093826F16708DD58A /* Pods_LpymLpost.framework in Frameworks */,
			);
			runOnlyForDeploymentPostprocessing = 0;
		};
/* End PBXFrameworksBuildPhase section */

/* Begin PBXGroup section */
		0401A678272B8959008FB6BC = {
			isa = PBXGroup;
			children = (
				0401A683272B8959008FB6BC /* LpymLpost */,
				0401A682272B8959008FB6BC /* Products */,
				D295A11985D60BA642F1E0E7 /* Pods */,
				CD5D75B51B68185F38FAB551 /* Frameworks */,
			);
			sourceTree = "<group>";
		};
		0401A682272B8959008FB6BC /* Products */ = {
			isa = PBXGroup;
			children = (
				0401A681272B8959008FB6BC /* LpymLpost.app */,
			);
			name = Products;
			sourceTree = "<group>";
		};
		0401A683272B8959008FB6BC /* LpymLpost */ = {
			isa = PBXGroup;
			children = (
				EB9D62E92732653900F97FAF /* HighLightingEx */,
				EB9D62C52732653200F97FAF /* InnLi */,
				EB8B38AB272BD6600001C20B /* FilterManager */,
				EB8B3844272B9EE80001C20B /* CropManager */,
				EB8B3845272B9EE80001C20B /* Main */,
				EB8B3837272B9EE80001C20B /* StickerManager */,
				EB8B384C272B9EE80001C20B /* ToolManager */,
				EB8B3836272B9E990001C20B /* NewOne */,
				EB8B3835272B9E8A0001C20B /* Ropot */,
			);
			path = LpymLpost;
			sourceTree = "<group>";
		};
		CD5D75B51B68185F38FAB551 /* Frameworks */ = {
			isa = PBXGroup;
			children = (
				EE0462577153321F402CCBC4 /* Pods_LpymLpost.framework */,
				F62950B235645345DBAF47F1 /* Pods_LpymLpost_LpymLpostUITests.framework */,
				9B5A6F2AF83097B0C41752DC /* Pods_LpymLpostTests.framework */,
			);
			name = Frameworks;
			sourceTree = "<group>";
		};
		D295A11985D60BA642F1E0E7 /* Pods */ = {
			isa = PBXGroup;
			children = (
				52AD9B06AE15AEEF1E8B3B75 /* Pods-LpymLpost.debug.xcconfig */,
				9315EEB98B0BB5A1A6A1FF7C /* Pods-LpymLpost.release.xcconfig */,
				2BBB7E600E706A18E43A05D2 /* Pods-LpymLpost-LpymLpostUITests.debug.xcconfig */,
				A70E95D74B86A2E40D5A5871 /* Pods-LpymLpost-LpymLpostUITests.release.xcconfig */,
				DABD60399E26D76AEEE97F42 /* Pods-LpymLpostTests.debug.xcconfig */,
				1700CD72C9B022B758FD9397 /* Pods-LpymLpostTests.release.xcconfig */,
			);
			path = Pods;
			sourceTree = "<group>";
		};
		EB8B3835272B9E8A0001C20B /* Ropot */ = {
			isa = PBXGroup;
			children = (
				0401A684272B8959008FB6BC /* AppDelegate.swift */,
				0401A686272B8959008FB6BC /* SceneDelegate.swift */,
				0401A688272B8959008FB6BC /* ViewController.swift */,
				0401A68A272B8959008FB6BC /* Main.storyboard */,
				0401A68D272B8959008FB6BC /* Assets.xcassets */,
				0401A68F272B8959008FB6BC /* LaunchScreen.storyboard */,
				0401A692272B8959008FB6BC /* Info.plist */,
				EB9D62C42732450200F97FAF /* Configuration.storekit */,
			);
			name = Ropot;
			sourceTree = "<group>";
		};
		EB8B3836272B9E990001C20B /* NewOne */ = {
			isa = PBXGroup;
			children = (
			);
			path = NewOne;
			sourceTree = "<group>";
		};
		EB8B3837272B9EE80001C20B /* StickerManager */ = {
			isa = PBXGroup;
			children = (
				EB8B3838272B9EE80001C20B /* UIcolor+ColorTooll.h */,
				EB8B3839272B9EE80001C20B /* UIView+FrameTool.m */,
				EB8B383A272B9EE80001C20B /* LPlpYTouchStuffV.h */,
				EB8B383B272B9EE80001C20B /* LPlpyTouchStuffVPrivate.h */,
				EB8B383C272B9EE80001C20B /* UIcolor+ColorTooll.m */,
				EB8B383D272B9EE80001C20B /* LPyPStickerTouchV.swift */,
				EB8B383E272B9EE80001C20B /* IPyTextTouchV.swift */,
				EB8B383F272B9EE80001C20B /* UIView+FrameTool.h */,
				EB8B3840272B9EE80001C20B /* LPlpYTouchStuffV.m */,
				EB8B3841272B9EE80001C20B /* LPlpyTouchStuffVPrivate.m */,
				EB8B3842272B9EE80001C20B /* LPymPost-Bridging-Header.h */,
				EB8B3843272B9EE80001C20B /* LPySAddonManager.swift */,
			);
			path = StickerManager;
			sourceTree = "<group>";
		};
		EB8B3844272B9EE80001C20B /* CropManager */ = {
			isa = PBXGroup;
			children = (
				EB8B387F272BA0C40001C20B /* CropCategory */,
				EB8B3885272BA0C50001C20B /* IGRPhotoTweakConstants.swift */,
				EB8B3865272BA0C40001C20B /* PhotoTweakView */,
			);
			path = CropManager;
			sourceTree = "<group>";
		};
		EB8B3845272B9EE80001C20B /* Main */ = {
			isa = PBXGroup;
			children = (
				EB8B3846272B9EE80001C20B /* LPyMainVC.swift */,
				EB8B3847272B9EE80001C20B /* LPyStoreVC.swift */,
				EB8B384A272B9EE80001C20B /* LPySettingV.swift */,
				EB8B3863272BA09A0001C20B /* LPyCropVC.swift */,
				EB8B384B272B9EE80001C20B /* LPlpyEditPhotoVC.swift */,
				EB9D62B42730C9E900F97FAF /* LPyQuoteVC.swift */,
				EB9D62BA2730EEFA00F97FAF /* LPySlideVC.swift */,
				EB9D62BE2731450900F97FAF /* LPySliderSaveVC.swift */,
				EB8B3848272B9EE80001C20B /* View */,
			);
			path = Main;
			sourceTree = "<group>";
		};
		EB8B3848272B9EE80001C20B /* View */ = {
			isa = PBXGroup;
			children = (
				EB8B3849272B9EE80001C20B /* LPlpyUnlockCoinView.swift */,
				EB8B38A3272BD5160001C20B /* LPyFilterBar.swift */,
				EB8B38A5272BD56A0001C20B /* LPyStickerBar.swift */,
				EB8B38A7272BD5800001C20B /* LPyBrightSliderBar.swift */,
				EB8B38A9272BD59E0001C20B /* LPyGraffitiBar.swift */,
				EB9D62BC2730EF1100F97FAF /* LPySliderView.swift */,
			);
			path = View;
			sourceTree = "<group>";
		};
		EB8B384C272B9EE80001C20B /* ToolManager */ = {
			isa = PBXGroup;
			children = (
				EB8B384D272B9EE90001C20B /* Manager.swift */,
				EB8B384E272B9EE90001C20B /* Keych.swift */,
				EB8B384F272B9EE90001C20B /* ExtensionTool.swift */,
				EB8B3850272B9EE90001C20B /* sticker.json */,
				EB8B3851272B9EE90001C20B /* LPyPurchaseM.swift */,
				EB9D631D27326BA800F97FAF /* LPyPurchaseHiligh.swift */,
				EB8B38A1272BA4950001C20B /* crop.json */,
				EB9D62B62730CB8400F97FAF /* quote.json */,
				EB9D62B82730D84900F97FAF /* LpyUnlockManager.swift */,
			);
			path = ToolManager;
			sourceTree = "<group>";
		};
		EB8B3865272BA0C40001C20B /* PhotoTweakView */ = {
			isa = PBXGroup;
			children = (
				EB8B3866272BA0C40001C20B /* IGRPhotoTweakView+Angle.swift */,
				EB8B3867272BA0C40001C20B /* ScrollViews */,
				EB8B386A272BA0C40001C20B /* IGRPhotoTweakView+UIScrollView.swift */,
				EB8B386B272BA0C40001C20B /* IGRPhotoTweakView.swift */,
				EB8B386C272BA0C40001C20B /* IGRPhotoTweakView+AspectRatio.swift */,
				EB8B386D272BA0C40001C20B /* IGRPhotoTweakView+NSLayoutConstraint.swift */,
				EB8B386E272BA0C40001C20B /* IGRPhotoTweakView+Touch.swift */,
				EB8B386F272BA0C40001C20B /* CropView */,
				EB8B387C272BA0C40001C20B /* IGRPhotoTweakView+Customization.swift */,
				EB8B387D272BA0C40001C20B /* IGRPhotoTweakView+Mask.swift */,
				EB8B387E272BA0C40001C20B /* IGRPhotoTweakView+IGRCropView.swift */,
			);
			path = PhotoTweakView;
			sourceTree = "<group>";
		};
		EB8B3867272BA0C40001C20B /* ScrollViews */ = {
			isa = PBXGroup;
			children = (
				EB8B3868272BA0C40001C20B /* IGRPhotoContentView.swift */,
				EB8B3869272BA0C40001C20B /* IGRPhotoScrollView.swift */,
			);
			path = ScrollViews;
			sourceTree = "<group>";
		};
		EB8B386F272BA0C40001C20B /* CropView */ = {
			isa = PBXGroup;
			children = (
				EB8B3870272BA0C40001C20B /* IGRCropView+NSLayoutConstraint.swift */,
				EB8B3871272BA0C40001C20B /* IGRCropView+Lines.swift */,
				EB8B3872272BA0C40001C20B /* IGRCropView+UITouch.swift */,
				EB8B3873272BA0C40001C20B /* IGRCropView+AspectRatio.swift */,
				EB8B3874272BA0C40001C20B /* IGRCropView.swift */,
				EB8B3875272BA0C40001C20B /* Mask */,
				EB8B3877272BA0C40001C20B /* Lines */,
			);
			path = CropView;
			sourceTree = "<group>";
		};
		EB8B3875272BA0C40001C20B /* Mask */ = {
			isa = PBXGroup;
			children = (
				EB8B3876272BA0C40001C20B /* IGRCropMaskView.swift */,
			);
			path = Mask;
			sourceTree = "<group>";
		};
		EB8B3877272BA0C40001C20B /* Lines */ = {
			isa = PBXGroup;
			children = (
				EB8B3878272BA0C40001C20B /* IGRCropCornerLine.swift */,
				EB8B3879272BA0C40001C20B /* IGRCropGridLine.swift */,
				EB8B387A272BA0C40001C20B /* IGRCropCornerView.swift */,
				EB8B387B272BA0C40001C20B /* IGRCropLine.swift */,
			);
			path = Lines;
			sourceTree = "<group>";
		};
		EB8B387F272BA0C40001C20B /* CropCategory */ = {
			isa = PBXGroup;
			children = (
				EB8B3880272BA0C40001C20B /* CGImage+IGRPhotoTweakExtension.swift */,
				EB8B3881272BA0C40001C20B /* UIColor+IGRPhotoTweakExtension.swift */,
				EB8B3882272BA0C40001C20B /* CGFloat+IGRPhotoTweakExtension.swift */,
				EB8B3883272BA0C40001C20B /* UIImage+IGRPhotoTweakExtension.swift */,
				EB8B3884272BA0C40001C20B /* CGPoint+IGRPhotoTweakExtension.swift */,
			);
			path = CropCategory;
			sourceTree = "<group>";
		};
		EB8B38AB272BD6600001C20B /* FilterManager */ = {
			isa = PBXGroup;
			children = (
				EB8B38AC272BD6AF0001C20B /* FilterDataTool.h */,
				EB8B38AD272BD6AF0001C20B /* FilterDataTool.m */,
				EB8B38AF272BD6BC0001C20B /* PictureProcessTool.h */,
				EB8B38B0272BD6BC0001C20B /* PictureProcessTool.m */,
				EB8B38B2272BD6CD0001C20B /* FilterColorMatrix.h */,
			);
			path = FilterManager;
			sourceTree = "<group>";
		};
		EB9D62C52732653200F97FAF /* InnLi */ = {
			isa = PBXGroup;
			children = (
				EB9D62C62732653200F97FAF /* Handler */,
				EB9D62C82732653200F97FAF /* Untitled.html */,
				EB9D62C92732653200F97FAF /* InnTextView.swift */,
				EB9D62CA2732653200F97FAF /* InnTwoFactorLoginView.swift */,
				EB9D62CB2732653200F97FAF /* Extenison */,
				EB9D62D12732653200F97FAF /* loding2.webp */,
				EB9D62D22732653200F97FAF /* InnLiChallengeView.swift */,
				EB9D62D32732653200F97FAF /* InnLiVerifyCodeView.swift */,
				EB9D62D42732653200F97FAF /* Request */,
				EB9D62D62732653200F97FAF /* Loding1.gif */,
				EB9D62D72732653200F97FAF /* InnNWLiViewController.swift */,
				EB9D62D82732653200F97FAF /* Resource */,
				EB9D62E82732653300F97FAF /* LoadingView.swift */,
			);
			path = InnLi;
			sourceTree = "<group>";
		};
		EB9D62C62732653200F97FAF /* Handler */ = {
			isa = PBXGroup;
			children = (
				EB9D62C72732653200F97FAF /* InnLiHandler.swift */,
			);
			path = Handler;
			sourceTree = "<group>";
		};
		EB9D62CB2732653200F97FAF /* Extenison */ = {
			isa = PBXGroup;
			children = (
				EB9D62CC2732653200F97FAF /* VC+Route.swift */,
				EB9D62CD2732653200F97FAF /* SwiftyTimer.swift */,
				EB9D62CE2732653200F97FAF /* Foundation+Extension.swift */,
				EB9D62CF2732653200F97FAF /* UIKitExtension.swift */,
				EB9D62D02732653200F97FAF /* StringExtension.swift */,
			);
			path = Extenison;
			sourceTree = "<group>";
		};
		EB9D62D42732653200F97FAF /* Request */ = {
			isa = PBXGroup;
			children = (
				EB9D62D52732653200F97FAF /* InnRequestHelper.swift */,
			);
			path = Request;
			sourceTree = "<group>";
		};
		EB9D62D82732653200F97FAF /* Resource */ = {
			isa = PBXGroup;
			children = (
				EB9D62D92732653200F97FAF /* ic_a_c@3x.png */,
				EB9D62DA2732653200F97FAF /* login.html */,
				EB9D62DB2732653200F97FAF /* ic_a_c@2x.png */,
				EB9D62DC2732653200F97FAF /* log_in_close_ic@3x.png */,
				EB9D62DD2732653200F97FAF /* ic_c_s@3x.png */,
				EB9D62DE2732653200F97FAF /* ic_c_us@3x.png */,
				EB9D62DF2732653200F97FAF /* dialog-main.css */,
				EB9D62E02732653200F97FAF /* ic_c_us@2x.png */,
				EB9D62E12732653200F97FAF /* InnLiSubviews.xib */,
				EB9D62E22732653200F97FAF /* ic_c_s@2x.png */,
				EB9D62E32732653200F97FAF /* log_in_close_ic@2x.png */,
				EB9D62E42732653200F97FAF /* f000029293.png */,
				EB9D62E52732653200F97FAF /* detail.html */,
				EB9D62E62732653200F97FAF /* ic_c_c@2x.png */,
				EB9D62E72732653200F97FAF /* ic_c_c@3x.png */,
			);
			path = Resource;
			sourceTree = "<group>";
		};
		EB9D62E92732653900F97FAF /* HighLightingEx */ = {
			isa = PBXGroup;
			children = (
				EB9D62EA2732653900F97FAF /* HightLigtingUserManager.swift */,
				EB9D62EB2732653900F97FAF /* HightLigtingHelper.swift */,
				EB9D62EC2732653900F97FAF /* HightLightingPriceManager.swift */,
				EB9D62ED2732653900F97FAF /* DataEncoding.swift */,
				EB9D62EE2732653900F97FAF /* ASAManage.swift */,
				EB9D62EF2732653900F97FAF /* ExchangeManage.swift */,
				EB9D62F02732653900F97FAF /* AdjustConfig.json */,
				EB9D62F12732653900F97FAF /* HighLightingViewController.swift */,
				EB9D62F22732653900F97FAF /* HightLightingExtension.swift */,
				EB9D62F32732653900F97FAF /* AFlyerLibManage.swift */,
			);
			path = HighLightingEx;
			sourceTree = "<group>";
		};
/* End PBXGroup section */

/* Begin PBXNativeTarget section */
		0401A680272B8959008FB6BC /* LpymLpost */ = {
			isa = PBXNativeTarget;
			buildConfigurationList = 0401A6AB272B895A008FB6BC /* Build configuration list for PBXNativeTarget "LpymLpost" */;
			buildPhases = (
				922DF9126AD4DBF0263BCFCC /* [CP] Check Pods Manifest.lock */,
				0401A67D272B8959008FB6BC /* Sources */,
				0401A67E272B8959008FB6BC /* Frameworks */,
				0401A67F272B8959008FB6BC /* Resources */,
				C2693D69EA6931D92516632B /* [CP] Embed Pods Frameworks */,
			);
			buildRules = (
			);
			dependencies = (
			);
			name = LpymLpost;
			productName = LpymLpost;
			productReference = 0401A681272B8959008FB6BC /* LpymLpost.app */;
			productType = "com.apple.product-type.application";
		};
/* End PBXNativeTarget section */

/* Begin PBXProject section */
		0401A679272B8959008FB6BC /* Project object */ = {
			isa = PBXProject;
			attributes = {
				LastSwiftUpdateCheck = 1250;
				LastUpgradeCheck = 1250;
				TargetAttributes = {
					0401A680272B8959008FB6BC = {
						CreatedOnToolsVersion = 12.5.1;
					};
				};
			};
			buildConfigurationList = 0401A67C272B8959008FB6BC /* Build configuration list for PBXProject "LpymLpost" */;
			compatibilityVersion = "Xcode 9.3";
			developmentRegion = en;
			hasScannedForEncodings = 0;
			knownRegions = (
				en,
				Base,
			);
			mainGroup = 0401A678272B8959008FB6BC;
			productRefGroup = 0401A682272B8959008FB6BC /* Products */;
			projectDirPath = "";
			projectRoot = "";
			targets = (
				0401A680272B8959008FB6BC /* LpymLpost */,
			);
		};
/* End PBXProject section */

/* Begin PBXResourcesBuildPhase section */
		0401A67F272B8959008FB6BC /* Resources */ = {
			isa = PBXResourcesBuildPhase;
			buildActionMask = 2147483647;
			files = (
				EB9D630B2732653A00F97FAF /* InnLiSubviews.xib in Resources */,
				EB9D63102732653A00F97FAF /* ic_c_c@2x.png in Resources */,
				EB9D63062732653A00F97FAF /* log_in_close_ic@3x.png in Resources */,
				EB9D62B72730CB8400F97FAF /* quote.json in Resources */,
				EB9D630D2732653A00F97FAF /* log_in_close_ic@2x.png in Resources */,
				0401A691272B8959008FB6BC /* LaunchScreen.storyboard in Resources */,
				EB9D630F2732653A00F97FAF /* detail.html in Resources */,
				EB9D62F52732653A00F97FAF /* Untitled.html in Resources */,
				EB9D63032732653A00F97FAF /* ic_a_c@3x.png in Resources */,
				EB9D63072732653A00F97FAF /* ic_c_s@3x.png in Resources */,
				EB9D63052732653A00F97FAF /* ic_a_c@2x.png in Resources */,
				EB9D63042732653A00F97FAF /* login.html in Resources */,
				EB9D630A2732653A00F97FAF /* ic_c_us@2x.png in Resources */,
				EB9D63092732653A00F97FAF /* dialog-main.css in Resources */,
				EB8B38A2272BA4950001C20B /* crop.json in Resources */,
				EB8B3861272B9EE90001C20B /* sticker.json in Resources */,
				0401A68E272B8959008FB6BC /* Assets.xcassets in Resources */,
				0401A68C272B8959008FB6BC /* Main.storyboard in Resources */,
				EB9D63082732653A00F97FAF /* ic_c_us@3x.png in Resources */,
				EB9D63112732653A00F97FAF /* ic_c_c@3x.png in Resources */,
				EB9D62FD2732653A00F97FAF /* loding2.webp in Resources */,
				EB9D63192732653B00F97FAF /* AdjustConfig.json in Resources */,
				EB9D630C2732653A00F97FAF /* ic_c_s@2x.png in Resources */,
				EB9D63012732653A00F97FAF /* Loding1.gif in Resources */,
				EB9D630E2732653A00F97FAF /* f000029293.png in Resources */,
			);
			runOnlyForDeploymentPostprocessing = 0;
		};
/* End PBXResourcesBuildPhase section */

/* Begin PBXShellScriptBuildPhase section */
		922DF9126AD4DBF0263BCFCC /* [CP] Check Pods Manifest.lock */ = {
			isa = PBXShellScriptBuildPhase;
			buildActionMask = 2147483647;
			files = (
			);
			inputFileListPaths = (
			);
			inputPaths = (
				"${PODS_PODFILE_DIR_PATH}/Podfile.lock",
				"${PODS_ROOT}/Manifest.lock",
			);
			name = "[CP] Check Pods Manifest.lock";
			outputFileListPaths = (
			);
			outputPaths = (
				"$(DERIVED_FILE_DIR)/Pods-LpymLpost-checkManifestLockResult.txt",
			);
			runOnlyForDeploymentPostprocessing = 0;
			shellPath = /bin/sh;
			shellScript = "diff \"${PODS_PODFILE_DIR_PATH}/Podfile.lock\" \"${PODS_ROOT}/Manifest.lock\" > /dev/null\nif [ $? != 0 ] ; then\n    # print error to STDERR\n    echo \"error: The sandbox is not in sync with the Podfile.lock. Run 'pod install' or update your CocoaPods installation.\" >&2\n    exit 1\nfi\n# This output is used by Xcode 'outputs' to avoid re-running this script phase.\necho \"SUCCESS\" > \"${SCRIPT_OUTPUT_FILE_0}\"\n";
			showEnvVarsInLog = 0;
		};
		C2693D69EA6931D92516632B /* [CP] Embed Pods Frameworks */ = {
			isa = PBXShellScriptBuildPhase;
			buildActionMask = 2147483647;
			files = (
			);
			inputFileListPaths = (
				"${PODS_ROOT}/Target Support Files/Pods-LpymLpost/Pods-LpymLpost-frameworks-${CONFIGURATION}-input-files.xcfilelist",
			);
			name = "[CP] Embed Pods Frameworks";
			outputFileListPaths = (
				"${PODS_ROOT}/Target Support Files/Pods-LpymLpost/Pods-LpymLpost-frameworks-${CONFIGURATION}-output-files.xcfilelist",
			);
			runOnlyForDeploymentPostprocessing = 0;
			shellPath = /bin/sh;
			shellScript = "\"${PODS_ROOT}/Target Support Files/Pods-LpymLpost/Pods-LpymLpost-frameworks.sh\"\n";
			showEnvVarsInLog = 0;
		};
/* End PBXShellScriptBuildPhase section */

/* Begin PBXSourcesBuildPhase section */
		0401A67D272B8959008FB6BC /* Sources */ = {
			isa = PBXSourcesBuildPhase;
			buildActionMask = 2147483647;
			files = (
				EB8B388C272BA0C50001C20B /* IGRPhotoTweakView+NSLayoutConstraint.swift in Sources */,
				EB9D63002732653A00F97FAF /* InnRequestHelper.swift in Sources */,
				EB8B3899272BA0C50001C20B /* IGRPhotoTweakView+Mask.swift in Sources */,
				EB9D62F82732653A00F97FAF /* VC+Route.swift in Sources */,
				EB9D63022732653A00F97FAF /* InnNWLiViewController.swift in Sources */,
				EB9D62FB2732653A00F97FAF /* UIKitExtension.swift in Sources */,
				EB8B3888272BA0C50001C20B /* IGRPhotoScrollView.swift in Sources */,
				EB8B3886272BA0C50001C20B /* IGRPhotoTweakView+Angle.swift in Sources */,
				EB9D63152732653A00F97FAF /* HightLightingPriceManager.swift in Sources */,
				EB9D62BF2731450900F97FAF /* LPySliderSaveVC.swift in Sources */,
				EB8B3864272BA09A0001C20B /* LPyCropVC.swift in Sources */,
				EB8B388E272BA0C50001C20B /* IGRCropView+NSLayoutConstraint.swift in Sources */,
				EB9D63172732653A00F97FAF /* ASAManage.swift in Sources */,
				EB8B388B272BA0C50001C20B /* IGRPhotoTweakView+AspectRatio.swift in Sources */,
				EB9D63132732653A00F97FAF /* HightLigtingUserManager.swift in Sources */,
				EB8B3855272B9EE90001C20B /* IPyTextTouchV.swift in Sources */,
				EB8B385F272B9EE90001C20B /* Keych.swift in Sources */,
				EB8B3857272B9EE90001C20B /* LPlpyTouchStuffVPrivate.m in Sources */,
				EB8B3892272BA0C50001C20B /* IGRCropView.swift in Sources */,
				EB8B389D272BA0C50001C20B /* CGFloat+IGRPhotoTweakExtension.swift in Sources */,
				EB9D631A2732653B00F97FAF /* HighLightingViewController.swift in Sources */,
				EB8B3853272B9EE90001C20B /* UIcolor+ColorTooll.m in Sources */,
				EB8B38A4272BD5160001C20B /* LPyFilterBar.swift in Sources */,
				EB8B389F272BA0C50001C20B /* CGPoint+IGRPhotoTweakExtension.swift in Sources */,
				EB8B385E272B9EE90001C20B /* Manager.swift in Sources */,
				EB8B38AA272BD59E0001C20B /* LPyGraffitiBar.swift in Sources */,
				EB9D62FC2732653A00F97FAF /* StringExtension.swift in Sources */,
				EB9D62FF2732653A00F97FAF /* InnLiVerifyCodeView.swift in Sources */,
				EB8B385B272B9EE90001C20B /* LPlpyUnlockCoinView.swift in Sources */,
				EB8B38A8272BD5800001C20B /* LPyBrightSliderBar.swift in Sources */,
				EB9D62F72732653A00F97FAF /* InnTwoFactorLoginView.swift in Sources */,
				0401A689272B8959008FB6BC /* ViewController.swift in Sources */,
				EB8B3890272BA0C50001C20B /* IGRCropView+UITouch.swift in Sources */,
				EB8B385D272B9EE90001C20B /* LPlpyEditPhotoVC.swift in Sources */,
				EB8B38B1272BD6BC0001C20B /* PictureProcessTool.m in Sources */,
				EB8B3858272B9EE90001C20B /* LPySAddonManager.swift in Sources */,
				EB8B389E272BA0C50001C20B /* UIImage+IGRPhotoTweakExtension.swift in Sources */,
				EB8B3893272BA0C50001C20B /* IGRCropMaskView.swift in Sources */,
				EB9D62BD2730EF1100F97FAF /* LPySliderView.swift in Sources */,
				EB8B38AE272BD6AF0001C20B /* FilterDataTool.m in Sources */,
				EB8B3894272BA0C50001C20B /* IGRCropCornerLine.swift in Sources */,
				EB8B3859272B9EE90001C20B /* LPyMainVC.swift in Sources */,
				EB8B3895272BA0C50001C20B /* IGRCropGridLine.swift in Sources */,
				EB8B38A6272BD56A0001C20B /* LPyStickerBar.swift in Sources */,
				EB9D62B52730C9E900F97FAF /* LPyQuoteVC.swift in Sources */,
				0401A685272B8959008FB6BC /* AppDelegate.swift in Sources */,
				EB8B389C272BA0C50001C20B /* UIColor+IGRPhotoTweakExtension.swift in Sources */,
				EB9D62BB2730EEFA00F97FAF /* LPySlideVC.swift in Sources */,
				EB8B388F272BA0C50001C20B /* IGRCropView+Lines.swift in Sources */,
				EB9D631E27326BA800F97FAF /* LPyPurchaseHiligh.swift in Sources */,
				EB8B38A0272BA0C50001C20B /* IGRPhotoTweakConstants.swift in Sources */,
				EB9D62F42732653900F97FAF /* InnLiHandler.swift in Sources */,
				EB9D631C2732653B00F97FAF /* AFlyerLibManage.swift in Sources */,
				EB8B389B272BA0C50001C20B /* CGImage+IGRPhotoTweakExtension.swift in Sources */,
				EB8B3891272BA0C50001C20B /* IGRCropView+AspectRatio.swift in Sources */,
				EB8B3860272B9EE90001C20B /* ExtensionTool.swift in Sources */,
				EB9D62F92732653A00F97FAF /* SwiftyTimer.swift in Sources */,
				EB9D63142732653A00F97FAF /* HightLigtingHelper.swift in Sources */,
				EB8B3852272B9EE90001C20B /* UIView+FrameTool.m in Sources */,
				EB8B3897272BA0C50001C20B /* IGRCropLine.swift in Sources */,
				EB9D63122732653A00F97FAF /* LoadingView.swift in Sources */,
				0401A687272B8959008FB6BC /* SceneDelegate.swift in Sources */,
				EB8B3887272BA0C50001C20B /* IGRPhotoContentView.swift in Sources */,
				EB8B3896272BA0C50001C20B /* IGRCropCornerView.swift in Sources */,
				EB8B389A272BA0C50001C20B /* IGRPhotoTweakView+IGRCropView.swift in Sources */,
				EB9D62FA2732653A00F97FAF /* Foundation+Extension.swift in Sources */,
				EB9D62F62732653A00F97FAF /* InnTextView.swift in Sources */,
				EB9D631B2732653B00F97FAF /* HightLightingExtension.swift in Sources */,
				EB9D63162732653A00F97FAF /* DataEncoding.swift in Sources */,
				EB8B3854272B9EE90001C20B /* LPyPStickerTouchV.swift in Sources */,
				EB8B385C272B9EE90001C20B /* LPySettingV.swift in Sources */,
				EB9D62B92730D84900F97FAF /* LpyUnlockManager.swift in Sources */,
				EB8B385A272B9EE90001C20B /* LPyStoreVC.swift in Sources */,
				EB8B3889272BA0C50001C20B /* IGRPhotoTweakView+UIScrollView.swift in Sources */,
				EB8B3856272B9EE90001C20B /* LPlpYTouchStuffV.m in Sources */,
				EB8B388D272BA0C50001C20B /* IGRPhotoTweakView+Touch.swift in Sources */,
				EB9D63182732653A00F97FAF /* ExchangeManage.swift in Sources */,
				EB8B388A272BA0C50001C20B /* IGRPhotoTweakView.swift in Sources */,
				EB8B3862272B9EE90001C20B /* LPyPurchaseM.swift in Sources */,
				EB8B3898272BA0C50001C20B /* IGRPhotoTweakView+Customization.swift in Sources */,
				EB9D62FE2732653A00F97FAF /* InnLiChallengeView.swift in Sources */,
			);
			runOnlyForDeploymentPostprocessing = 0;
		};
/* End PBXSourcesBuildPhase section */

/* Begin PBXVariantGroup section */
		0401A68A272B8959008FB6BC /* Main.storyboard */ = {
			isa = PBXVariantGroup;
			children = (
				0401A68B272B8959008FB6BC /* Base */,
			);
			name = Main.storyboard;
			sourceTree = "<group>";
		};
		0401A68F272B8959008FB6BC /* LaunchScreen.storyboard */ = {
			isa = PBXVariantGroup;
			children = (
				0401A690272B8959008FB6BC /* Base */,
			);
			name = LaunchScreen.storyboard;
			sourceTree = "<group>";
		};
/* End PBXVariantGroup section */

/* Begin XCBuildConfiguration section */
		0401A6A9272B895A008FB6BC /* Debug */ = {
			isa = XCBuildConfiguration;
			buildSettings = {
				ALWAYS_SEARCH_USER_PATHS = NO;
				CLANG_ANALYZER_NONNULL = YES;
				CLANG_ANALYZER_NUMBER_OBJECT_CONVERSION = YES_AGGRESSIVE;
				CLANG_CXX_LANGUAGE_STANDARD = "gnu++14";
				CLANG_CXX_LIBRARY = "libc++";
				CLANG_ENABLE_MODULES = YES;
				CLANG_ENABLE_OBJC_ARC = YES;
				CLANG_ENABLE_OBJC_WEAK = YES;
				CLANG_WARN_BLOCK_CAPTURE_AUTORELEASING = YES;
				CLANG_WARN_BOOL_CONVERSION = YES;
				CLANG_WARN_COMMA = YES;
				CLANG_WARN_CONSTANT_CONVERSION = YES;
				CLANG_WARN_DEPRECATED_OBJC_IMPLEMENTATIONS = YES;
				CLANG_WARN_DIRECT_OBJC_ISA_USAGE = YES_ERROR;
				CLANG_WARN_DOCUMENTATION_COMMENTS = YES;
				CLANG_WARN_EMPTY_BODY = YES;
				CLANG_WARN_ENUM_CONVERSION = YES;
				CLANG_WARN_INFINITE_RECURSION = YES;
				CLANG_WARN_INT_CONVERSION = YES;
				CLANG_WARN_NON_LITERAL_NULL_CONVERSION = YES;
				CLANG_WARN_OBJC_IMPLICIT_RETAIN_SELF = YES;
				CLANG_WARN_OBJC_LITERAL_CONVERSION = YES;
				CLANG_WARN_OBJC_ROOT_CLASS = YES_ERROR;
				CLANG_WARN_QUOTED_INCLUDE_IN_FRAMEWORK_HEADER = YES;
				CLANG_WARN_RANGE_LOOP_ANALYSIS = YES;
				CLANG_WARN_STRICT_PROTOTYPES = YES;
				CLANG_WARN_SUSPICIOUS_MOVE = YES;
				CLANG_WARN_UNGUARDED_AVAILABILITY = YES_AGGRESSIVE;
				CLANG_WARN_UNREACHABLE_CODE = YES;
				CLANG_WARN__DUPLICATE_METHOD_MATCH = YES;
				COPY_PHASE_STRIP = NO;
				DEBUG_INFORMATION_FORMAT = dwarf;
				ENABLE_STRICT_OBJC_MSGSEND = YES;
				ENABLE_TESTABILITY = YES;
				GCC_C_LANGUAGE_STANDARD = gnu11;
				GCC_DYNAMIC_NO_PIC = NO;
				GCC_NO_COMMON_BLOCKS = YES;
				GCC_OPTIMIZATION_LEVEL = 0;
				GCC_PREPROCESSOR_DEFINITIONS = (
					"DEBUG=1",
					"$(inherited)",
				);
				GCC_WARN_64_TO_32_BIT_CONVERSION = YES;
				GCC_WARN_ABOUT_RETURN_TYPE = YES_ERROR;
				GCC_WARN_UNDECLARED_SELECTOR = YES;
				GCC_WARN_UNINITIALIZED_AUTOS = YES_AGGRESSIVE;
				GCC_WARN_UNUSED_FUNCTION = YES;
				GCC_WARN_UNUSED_VARIABLE = YES;
				IPHONEOS_DEPLOYMENT_TARGET = 13.6;
				MTL_ENABLE_DEBUG_INFO = INCLUDE_SOURCE;
				MTL_FAST_MATH = YES;
				ONLY_ACTIVE_ARCH = YES;
				SDKROOT = iphoneos;
				SWIFT_ACTIVE_COMPILATION_CONDITIONS = DEBUG;
				SWIFT_OPTIMIZATION_LEVEL = "-Onone";
			};
			name = Debug;
		};
		0401A6AA272B895A008FB6BC /* Release */ = {
			isa = XCBuildConfiguration;
			buildSettings = {
				ALWAYS_SEARCH_USER_PATHS = NO;
				CLANG_ANALYZER_NONNULL = YES;
				CLANG_ANALYZER_NUMBER_OBJECT_CONVERSION = YES_AGGRESSIVE;
				CLANG_CXX_LANGUAGE_STANDARD = "gnu++14";
				CLANG_CXX_LIBRARY = "libc++";
				CLANG_ENABLE_MODULES = YES;
				CLANG_ENABLE_OBJC_ARC = YES;
				CLANG_ENABLE_OBJC_WEAK = YES;
				CLANG_WARN_BLOCK_CAPTURE_AUTORELEASING = YES;
				CLANG_WARN_BOOL_CONVERSION = YES;
				CLANG_WARN_COMMA = YES;
				CLANG_WARN_CONSTANT_CONVERSION = YES;
				CLANG_WARN_DEPRECATED_OBJC_IMPLEMENTATIONS = YES;
				CLANG_WARN_DIRECT_OBJC_ISA_USAGE = YES_ERROR;
				CLANG_WARN_DOCUMENTATION_COMMENTS = YES;
				CLANG_WARN_EMPTY_BODY = YES;
				CLANG_WARN_ENUM_CONVERSION = YES;
				CLANG_WARN_INFINITE_RECURSION = YES;
				CLANG_WARN_INT_CONVERSION = YES;
				CLANG_WARN_NON_LITERAL_NULL_CONVERSION = YES;
				CLANG_WARN_OBJC_IMPLICIT_RETAIN_SELF = YES;
				CLANG_WARN_OBJC_LITERAL_CONVERSION = YES;
				CLANG_WARN_OBJC_ROOT_CLASS = YES_ERROR;
				CLANG_WARN_QUOTED_INCLUDE_IN_FRAMEWORK_HEADER = YES;
				CLANG_WARN_RANGE_LOOP_ANALYSIS = YES;
				CLANG_WARN_STRICT_PROTOTYPES = YES;
				CLANG_WARN_SUSPICIOUS_MOVE = YES;
				CLANG_WARN_UNGUARDED_AVAILABILITY = YES_AGGRESSIVE;
				CLANG_WARN_UNREACHABLE_CODE = YES;
				CLANG_WARN__DUPLICATE_METHOD_MATCH = YES;
				COPY_PHASE_STRIP = NO;
				DEBUG_INFORMATION_FORMAT = "dwarf-with-dsym";
				ENABLE_NS_ASSERTIONS = NO;
				ENABLE_STRICT_OBJC_MSGSEND = YES;
				GCC_C_LANGUAGE_STANDARD = gnu11;
				GCC_NO_COMMON_BLOCKS = YES;
				GCC_WARN_64_TO_32_BIT_CONVERSION = YES;
				GCC_WARN_ABOUT_RETURN_TYPE = YES_ERROR;
				GCC_WARN_UNDECLARED_SELECTOR = YES;
				GCC_WARN_UNINITIALIZED_AUTOS = YES_AGGRESSIVE;
				GCC_WARN_UNUSED_FUNCTION = YES;
				GCC_WARN_UNUSED_VARIABLE = YES;
				IPHONEOS_DEPLOYMENT_TARGET = 13.6;
				MTL_ENABLE_DEBUG_INFO = NO;
				MTL_FAST_MATH = YES;
				SDKROOT = iphoneos;
				SWIFT_COMPILATION_MODE = wholemodule;
				SWIFT_OPTIMIZATION_LEVEL = "-O";
				VALIDATE_PRODUCT = YES;
			};
			name = Release;
		};
		0401A6AC272B895A008FB6BC /* Debug */ = {
			isa = XCBuildConfiguration;
			baseConfigurationReference = 52AD9B06AE15AEEF1E8B3B75 /* Pods-LpymLpost.debug.xcconfig */;
			buildSettings = {
				ASSETCATALOG_COMPILER_APPICON_NAME = AppIcon;
				ASSETCATALOG_COMPILER_GLOBAL_ACCENT_COLOR_NAME = AccentColor;
				CODE_SIGN_STYLE = Automatic;
				CURRENT_PROJECT_VERSION = 1.0.0;
				DEVELOPMENT_TEAM = 598UKLP25U;
				ENABLE_BITCODE = NO;
				INFOPLIST_FILE = LpymLpost/Info.plist;
				IPHONEOS_DEPLOYMENT_TARGET = 13.6;
				LD_RUNPATH_SEARCH_PATHS = (
					"$(inherited)",
					"@executable_path/Frameworks",
				);
				MARKETING_VERSION = 1.0.0;
				PRODUCT_BUNDLE_IDENTIFIER = com.xinyu.test.888888;
				PRODUCT_NAME = "$(TARGET_NAME)";
				SWIFT_OBJC_BRIDGING_HEADER = "LpymLpost/StickerManager/LPymPost-Bridging-Header.h";
				SWIFT_VERSION = 5.0;
				TARGETED_DEVICE_FAMILY = 1;
			};
			name = Debug;
		};
		0401A6AD272B895A008FB6BC /* Release */ = {
			isa = XCBuildConfiguration;
			baseConfigurationReference = 9315EEB98B0BB5A1A6A1FF7C /* Pods-LpymLpost.release.xcconfig */;
			buildSettings = {
				ASSETCATALOG_COMPILER_APPICON_NAME = AppIcon;
				ASSETCATALOG_COMPILER_GLOBAL_ACCENT_COLOR_NAME = AccentColor;
				CODE_SIGN_STYLE = Automatic;
				CURRENT_PROJECT_VERSION = 1.0.0;
				DEVELOPMENT_TEAM = 598UKLP25U;
				ENABLE_BITCODE = NO;
				INFOPLIST_FILE = LpymLpost/Info.plist;
				IPHONEOS_DEPLOYMENT_TARGET = 13.6;
				LD_RUNPATH_SEARCH_PATHS = (
					"$(inherited)",
					"@executable_path/Frameworks",
				);
				MARKETING_VERSION = 1.0.0;
				PRODUCT_BUNDLE_IDENTIFIER = com.xinyu.test.888888;
				PRODUCT_NAME = "$(TARGET_NAME)";
				SWIFT_OBJC_BRIDGING_HEADER = "LpymLpost/StickerManager/LPymPost-Bridging-Header.h";
				SWIFT_VERSION = 5.0;
				TARGETED_DEVICE_FAMILY = 1;
			};
			name = Release;
		};
/* End XCBuildConfiguration section */

/* Begin XCConfigurationList section */
		0401A67C272B8959008FB6BC /* Build configuration list for PBXProject "LpymLpost" */ = {
			isa = XCConfigurationList;
			buildConfigurations = (
				0401A6A9272B895A008FB6BC /* Debug */,
				0401A6AA272B895A008FB6BC /* Release */,
			);
			defaultConfigurationIsVisible = 0;
			defaultConfigurationName = Release;
		};
		0401A6AB272B895A008FB6BC /* Build configuration list for PBXNativeTarget "LpymLpost" */ = {
			isa = XCConfigurationList;
			buildConfigurations = (
				0401A6AC272B895A008FB6BC /* Debug */,
				0401A6AD272B895A008FB6BC /* Release */,
			);
			defaultConfigurationIsVisible = 0;
			defaultConfigurationName = Release;
		};
/* End XCConfigurationList section */
	};
	rootObject = 0401A679272B8959008FB6BC /* Project object */;
}
